{
  "name": "source",
  "lockfileVersion": 3,
  "requires": true,
  "packages": {
    "": {
      "dependencies": {
        "lightgallery": "^2.7.2"
      }
    },
    "node_modules/lightgallery": {
      "version": "2.7.2",
      "resolved": "https://registry.npmjs.org/lightgallery/-/lightgallery-2.7.2.tgz",
      "integrity": "sha512-Ewdcg9UPDqV0HGZeD7wNE4uYejwH2u0fMo5VAr6GHzlPYlhItJvjhLTR0cL0V1HjhMsH39PAom9iv69ewitLWw==",
      "engines": {
        "node": ">=6.0.0"
      }
    }
  }
}
